
Microsoft Visual Studio Solution File, Format Version 12.00
# Visual Studio Version 16
VisualStudioVersion = 16.0.31105.61
MinimumVisualStudioVersion = 10.0.40219.1
Project("{FAE04EC0-301F-11D3-BF4B-00C04F79EFBC}") = "taskManager2", "taskManager2\taskManager2.csproj", "{369B9491-1A7E-4135-A683-643E6B29500F}"
EndProject
Global
	GlobalSection(SolutionConfigurationPlatforms) = preSolution
		Debug|Any CPU = Debug|Any CPU
		Release|Any CPU = Release|Any CPU
	EndGlobalSection
	GlobalSection(ProjectConfigurationPlatforms) = postSolution
		{369B9491-1A7E-4135-A683-643E6B29500F}.Debug|Any CPU.ActiveCfg = Debug|Any CPU
		{369B9491-1A7E-4135-A683-643E6B29500F}.Debug|Any CPU.Build.0 = Debug|Any CPU
		{369B9491-1A7E-4135-A683-643E6B29500F}.Release|Any CPU.ActiveCfg = Release|Any CPU
		{369B9491-1A7E-4135-A683-643E6B29500F}.Release|Any CPU.Build.0 = Release|Any CPU
	EndGlobalSection
	GlobalSection(SolutionProperties) = preSolution
		HideSolutionNode = FALSE
	EndGlobalSection
	GlobalSection(ExtensibilityGlobals) = postSolution
		SolutionGuid = {5BD59699-A51D-4B0A-9796-076766E9A995}
	EndGlobalSection
EndGlobal
